
Microsoft Visual Studio Solution File, Format Version 12.00
# Visual Studio Version 17
VisualStudioVersion = 17.8.34511.84
MinimumVisualStudioVersion = 10.0.40219.1
Project("{FAE04EC0-301F-11D3-BF4B-00C04F79EFBC}") = "07.05.24_c#_lab", "07.05.24_c#_lab.csproj", "{C7A0984B-9197-461C-BE3E-28A7E16B51FD}"
EndProject
Global
	GlobalSection(SolutionConfigurationPlatforms) = preSolution
		Debug|Any CPU = Debug|Any CPU
		Release|Any CPU = Release|Any CPU
	EndGlobalSection
	GlobalSection(ProjectConfigurationPlatforms) = postSolution
		{C7A0984B-9197-461C-BE3E-28A7E16B51FD}.Debug|Any CPU.ActiveCfg = Debug|Any CPU
		{C7A0984B-9197-461C-BE3E-28A7E16B51FD}.Debug|Any CPU.Build.0 = Debug|Any CPU
		{C7A0984B-9197-461C-BE3E-28A7E16B51FD}.Release|Any CPU.ActiveCfg = Release|Any CPU
		{C7A0984B-9197-461C-BE3E-28A7E16B51FD}.Release|Any CPU.Build.0 = Release|Any CPU
	EndGlobalSection
	GlobalSection(SolutionProperties) = preSolution
		HideSolutionNode = FALSE
	EndGlobalSection
	GlobalSection(ExtensibilityGlobals) = postSolution
		SolutionGuid = {15EC5921-122B-4171-9E62-4851BD8A70CC}
	EndGlobalSection
EndGlobal
